// !$*UTF8*$!
{
	archiveVersion = 1;
	classes = {
	};
	objectVersion = 46;
	objects = {

/* Begin PBXBuildFile section */
		21187ECF192202F600B0D5CD /* plotcirc.cpp in Sources */ = {isa = PBXBuildFile; fileRef = 21187ECE192202F600B0D5CD /* plotcirc.cpp */; };
		218F30031927AE7D00B11317 /* main.cpp in Sources */ = {isa = PBXBuildFile; fileRef = 218F2FF31927AD5300B11317 /* main.cpp */; };
		218F30041927AE9600B11317 /* image.mm in Sources */ = {isa = PBXBuildFile; fileRef = 5ADE045F18AFA00B00A16CB4 /* image.mm */; };
		218F30051927AF9700B11317 /* AppKit.framework in Frameworks */ = {isa = PBXBuildFile; fileRef = 5ADE046418AFA1CC00A16CB4 /* AppKit.framework */; };
		218F30071927AFA100B11317 /* Foundation.framework in Frameworks */ = {isa = PBXBuildFile; fileRef = 218F30061927AFA100B11317 /* Foundation.framework */; };
		218F30081927AFCC00B11317 /* image.mm in Sources */ = {isa = PBXBuildFile; fileRef = 5ADE045F18AFA00B00A16CB4 /* image.mm */; };
		21D2B1FD191F5F0700A16A86 /* filter.cpp in Sources */ = {isa = PBXBuildFile; fileRef = 21D2B1FB191F5F0700A16A86 /* filter.cpp */; };
		21D2B1FE191F5F0700A16A86 /* plotcirc_db.cpp in Sources */ = {isa = PBXBuildFile; fileRef = 21D2B1FC191F5F0700A16A86 /* plotcirc_db.cpp */; };
		21D2B202191F5F3000A16A86 /* image_utils.cpp in Sources */ = {isa = PBXBuildFile; fileRef = 21D2B1FF191F5F3000A16A86 /* image_utils.cpp */; };
		21D2B203191F5F3000A16A86 /* image.cpp in Sources */ = {isa = PBXBuildFile; fileRef = 21D2B200191F5F3000A16A86 /* image.cpp */; };
		21D2B204191F5F3000A16A86 /* plotcirc.cpp in Sources */ = {isa = PBXBuildFile; fileRef = 21D2B201191F5F3000A16A86 /* plotcirc.cpp */; };
		21FB64A519274A4E00B2F651 /* sqlite.cpp in Sources */ = {isa = PBXBuildFile; fileRef = 21FB64A419274A4E00B2F651 /* sqlite.cpp */; };
		5ADE044918AF982600A16CB4 /* pattern_study.cpp in Sources */ = {isa = PBXBuildFile; fileRef = 5ADE043B18AF982600A16CB4 /* pattern_study.cpp */; };
		5ADE044A18AF982600A16CB4 /* watershed.cpp in Sources */ = {isa = PBXBuildFile; fileRef = 5ADE043D18AF982600A16CB4 /* watershed.cpp */; };
		5ADE044B18AF982600A16CB4 /* main.cpp in Sources */ = {isa = PBXBuildFile; fileRef = 5ADE043F18AF982600A16CB4 /* main.cpp */; };
		5ADE044C18AF982600A16CB4 /* log.cpp in Sources */ = {isa = PBXBuildFile; fileRef = 5ADE044218AF982600A16CB4 /* log.cpp */; };
		5ADE046218AFA14200A16CB4 /* Cocoa.framework in Frameworks */ = {isa = PBXBuildFile; fileRef = 5ADE046118AFA14200A16CB4 /* Cocoa.framework */; };
		5ADE046518AFA1CC00A16CB4 /* AppKit.framework in Frameworks */ = {isa = PBXBuildFile; fileRef = 5ADE046418AFA1CC00A16CB4 /* AppKit.framework */; };
/* End PBXBuildFile section */

/* Begin PBXFileReference section */
		21187ECE192202F600B0D5CD /* plotcirc.cpp */ = {isa = PBXFileReference; fileEncoding = 4; lastKnownFileType = sourcecode.cpp.cpp; path = plotcirc.cpp; sourceTree = "<group>"; };
		21187ED01922032100B0D5CD /* plotcirc.hpp */ = {isa = PBXFileReference; fileEncoding = 4; lastKnownFileType = sourcecode.cpp.h; path = plotcirc.hpp; sourceTree = "<group>"; };
		218F2FF31927AD5300B11317 /* main.cpp */ = {isa = PBXFileReference; lastKnownFileType = sourcecode.cpp.cpp; name = main.cpp; path = ../../src/test/image_open_save/main.cpp; sourceTree = "<group>"; };
		218F2FFA1927AE1600B11317 /* image_open_save */ = {isa = PBXFileReference; explicitFileType = "compiled.mach-o.executable"; includeInIndex = 0; path = image_open_save; sourceTree = BUILT_PRODUCTS_DIR; };
		218F30061927AFA100B11317 /* Foundation.framework */ = {isa = PBXFileReference; lastKnownFileType = wrapper.framework; name = Foundation.framework; path = System/Library/Frameworks/Foundation.framework; sourceTree = SDKROOT; };
		21D2B1F5191F5EAC00A16A86 /* filter.hpp */ = {isa = PBXFileReference; fileEncoding = 4; lastKnownFileType = sourcecode.cpp.h; path = filter.hpp; sourceTree = "<group>"; };
		21D2B1F6191F5EAC00A16A86 /* plotcirc_db.hpp */ = {isa = PBXFileReference; fileEncoding = 4; lastKnownFileType = sourcecode.cpp.h; path = plotcirc_db.hpp; sourceTree = "<group>"; };
		21D2B1F7191F5ECD00A16A86 /* image_utils.hpp */ = {isa = PBXFileReference; fileEncoding = 4; lastKnownFileType = sourcecode.cpp.h; path = image_utils.hpp; sourceTree = "<group>"; };
		21D2B1F8191F5ECD00A16A86 /* point.hpp */ = {isa = PBXFileReference; fileEncoding = 4; lastKnownFileType = sourcecode.cpp.h; path = point.hpp; sourceTree = "<group>"; };
		21D2B1F9191F5ECD00A16A86 /* rect.hpp */ = {isa = PBXFileReference; fileEncoding = 4; lastKnownFileType = sourcecode.cpp.h; path = rect.hpp; sourceTree = "<group>"; };
		21D2B1FA191F5ECD00A16A86 /* utils.hpp */ = {isa = PBXFileReference; fileEncoding = 4; lastKnownFileType = sourcecode.cpp.h; path = utils.hpp; sourceTree = "<group>"; };
		21D2B1FB191F5F0700A16A86 /* filter.cpp */ = {isa = PBXFileReference; fileEncoding = 4; lastKnownFileType = sourcecode.cpp.cpp; path = filter.cpp; sourceTree = "<group>"; };
		21D2B1FC191F5F0700A16A86 /* plotcirc_db.cpp */ = {isa = PBXFileReference; fileEncoding = 4; lastKnownFileType = sourcecode.cpp.cpp; path = plotcirc_db.cpp; sourceTree = "<group>"; };
		21D2B1FF191F5F3000A16A86 /* image_utils.cpp */ = {isa = PBXFileReference; fileEncoding = 4; lastKnownFileType = sourcecode.cpp.cpp; path = image_utils.cpp; sourceTree = "<group>"; };
		21D2B200191F5F3000A16A86 /* image.cpp */ = {isa = PBXFileReference; fileEncoding = 4; lastKnownFileType = sourcecode.cpp.cpp; path = image.cpp; sourceTree = "<group>"; };
		21D2B201191F5F3000A16A86 /* plotcirc.cpp */ = {isa = PBXFileReference; fileEncoding = 4; lastKnownFileType = sourcecode.cpp.cpp; path = plotcirc.cpp; sourceTree = "<group>"; };
		21D2B205191F5F8C00A16A86 /* coding_convention.txt */ = {isa = PBXFileReference; fileEncoding = 4; lastKnownFileType = text; name = coding_convention.txt; path = ../../doc/coding_convention.txt; sourceTree = "<group>"; };
		21FB64A319274A1900B2F651 /* sqlite.hpp */ = {isa = PBXFileReference; fileEncoding = 4; lastKnownFileType = sourcecode.cpp.h; path = sqlite.hpp; sourceTree = "<group>"; };
		21FB64A419274A4E00B2F651 /* sqlite.cpp */ = {isa = PBXFileReference; fileEncoding = 4; lastKnownFileType = sourcecode.cpp.cpp; path = sqlite.cpp; sourceTree = "<group>"; };
		5ADE042C18AF973D00A16CB4 /* iHamster */ = {isa = PBXFileReference; explicitFileType = "compiled.mach-o.executable"; includeInIndex = 0; path = iHamster; sourceTree = BUILT_PRODUCTS_DIR; };
		5ADE043818AF982600A16CB4 /* image.cpp */ = {isa = PBXFileReference; fileEncoding = 4; lastKnownFileType = sourcecode.cpp.cpp; path = image.cpp; sourceTree = "<group>"; };
		5ADE043B18AF982600A16CB4 /* pattern_study.cpp */ = {isa = PBXFileReference; fileEncoding = 4; lastKnownFileType = sourcecode.cpp.cpp; path = pattern_study.cpp; sourceTree = "<group>"; };
		5ADE043C18AF982600A16CB4 /* readme.txt */ = {isa = PBXFileReference; fileEncoding = 4; lastKnownFileType = text; path = readme.txt; sourceTree = "<group>"; };
		5ADE043D18AF982600A16CB4 /* watershed.cpp */ = {isa = PBXFileReference; fileEncoding = 4; lastKnownFileType = sourcecode.cpp.cpp; path = watershed.cpp; sourceTree = "<group>"; };
		5ADE043F18AF982600A16CB4 /* main.cpp */ = {isa = PBXFileReference; fileEncoding = 4; lastKnownFileType = sourcecode.cpp.cpp; path = main.cpp; sourceTree = "<group>"; };
		5ADE044018AF982600A16CB4 /* CMakeLists.txt */ = {isa = PBXFileReference; fileEncoding = 4; lastKnownFileType = text; path = CMakeLists.txt; sourceTree = "<group>"; };
		5ADE044218AF982600A16CB4 /* log.cpp */ = {isa = PBXFileReference; fileEncoding = 4; lastKnownFileType = sourcecode.cpp.cpp; path = log.cpp; sourceTree = "<group>"; };
		5ADE044F18AF987300A16CB4 /* image.hpp */ = {isa = PBXFileReference; fileEncoding = 4; lastKnownFileType = sourcecode.cpp.h; path = image.hpp; sourceTree = "<group>"; };
		5ADE045118AF987300A16CB4 /* pattern.hpp */ = {isa = PBXFileReference; fileEncoding = 4; lastKnownFileType = sourcecode.cpp.h; path = pattern.hpp; sourceTree = "<group>"; };
		5ADE045218AF987300A16CB4 /* pattern_study.hpp */ = {isa = PBXFileReference; fileEncoding = 4; lastKnownFileType = sourcecode.cpp.h; path = pattern_study.hpp; sourceTree = "<group>"; };
		5ADE045318AF987300A16CB4 /* pattern_sub.hpp */ = {isa = PBXFileReference; fileEncoding = 4; lastKnownFileType = sourcecode.cpp.h; path = pattern_sub.hpp; sourceTree = "<group>"; };
		5ADE045418AF987300A16CB4 /* watershed.hpp */ = {isa = PBXFileReference; fileEncoding = 4; lastKnownFileType = sourcecode.cpp.h; path = watershed.hpp; sourceTree = "<group>"; };
		5ADE045618AF987300A16CB4 /* fwd.hpp */ = {isa = PBXFileReference; fileEncoding = 4; lastKnownFileType = sourcecode.cpp.h; path = fwd.hpp; sourceTree = "<group>"; };
		5ADE045718AF987300A16CB4 /* image.hpp */ = {isa = PBXFileReference; fileEncoding = 4; lastKnownFileType = sourcecode.cpp.h; path = image.hpp; sourceTree = "<group>"; };
		5ADE045818AF987300A16CB4 /* log.hpp */ = {isa = PBXFileReference; fileEncoding = 4; lastKnownFileType = sourcecode.cpp.h; path = log.hpp; sourceTree = "<group>"; };
		5ADE045918AF987300A16CB4 /* name.hpp */ = {isa = PBXFileReference; fileEncoding = 4; lastKnownFileType = sourcecode.cpp.h; path = name.hpp; sourceTree = "<group>"; };
		5ADE045A18AF987300A16CB4 /* plotcirc.hpp */ = {isa = PBXFileReference; fileEncoding = 4; lastKnownFileType = sourcecode.cpp.h; path = plotcirc.hpp; sourceTree = "<group>"; };
		5ADE045C18AF987300A16CB4 /* context.hpp */ = {isa = PBXFileReference; fileEncoding = 4; lastKnownFileType = sourcecode.cpp.h; path = context.hpp; sourceTree = "<group>"; };
		5ADE045D18AF987300A16CB4 /* frame_recognizer.hpp */ = {isa = PBXFileReference; fileEncoding = 4; lastKnownFileType = sourcecode.cpp.h; path = frame_recognizer.hpp; sourceTree = "<group>"; };
		5ADE045F18AFA00B00A16CB4 /* image.mm */ = {isa = PBXFileReference; fileEncoding = 4; lastKnownFileType = sourcecode.cpp.objcpp; name = image.mm; path = adapter/image.mm; sourceTree = "<group>"; };
		5ADE046118AFA14200A16CB4 /* Cocoa.framework */ = {isa = PBXFileReference; lastKnownFileType = wrapper.framework; name = Cocoa.framework; path = System/Library/Frameworks/Cocoa.framework; sourceTree = SDKROOT; };
		5ADE046418AFA1CC00A16CB4 /* AppKit.framework */ = {isa = PBXFileReference; lastKnownFileType = wrapper.framework; name = AppKit.framework; path = System/Library/Frameworks/AppKit.framework; sourceTree = SDKROOT; };
/* End PBXFileReference section */

/* Begin PBXFrameworksBuildPhase section */
		218F2FF71927AE1600B11317 /* Frameworks */ = {
			isa = PBXFrameworksBuildPhase;
			buildActionMask = 2147483647;
			files = (
				218F30071927AFA100B11317 /* Foundation.framework in Frameworks */,
				218F30051927AF9700B11317 /* AppKit.framework in Frameworks */,
			);
			runOnlyForDeploymentPostprocessing = 0;
		};
		5ADE042918AF973D00A16CB4 /* Frameworks */ = {
			isa = PBXFrameworksBuildPhase;
			buildActionMask = 2147483647;
			files = (
				5ADE046518AFA1CC00A16CB4 /* AppKit.framework in Frameworks */,
				5ADE046218AFA14200A16CB4 /* Cocoa.framework in Frameworks */,
			);
			runOnlyForDeploymentPostprocessing = 0;
		};
/* End PBXFrameworksBuildPhase section */

/* Begin PBXGroup section */
		218F2FF41927AD6400B11317 /* test */ = {
			isa = PBXGroup;
			children = (
				218F2FF51927AD8900B11317 /* image_open_save */,
			);
			name = test;
			path = ../proj/xcode;
			sourceTree = "<group>";
		};
		218F2FF51927AD8900B11317 /* image_open_save */ = {
			isa = PBXGroup;
			children = (
				218F2FF31927AD5300B11317 /* main.cpp */,
			);
			name = image_open_save;
			sourceTree = "<group>";
		};
		21D2B206191F5F9600A16A86 /* doc */ = {
			isa = PBXGroup;
			children = (
				21D2B205191F5F8C00A16A86 /* coding_convention.txt */,
			);
			name = doc;
			sourceTree = "<group>";
		};
		5ADE042118AF950200A16CB4 = {
			isa = PBXGroup;
			children = (
				21D2B206191F5F9600A16A86 /* doc */,
				5ADE046318AFA14E00A16CB4 /* Frameworks */,
				5ADE044D18AF987300A16CB4 /* include */,
				5ADE043618AF982600A16CB4 /* src */,
				5ADE042D18AF973D00A16CB4 /* Products */,
			);
			sourceTree = "<group>";
		};
		5ADE042D18AF973D00A16CB4 /* Products */ = {
			isa = PBXGroup;
			children = (
				5ADE042C18AF973D00A16CB4 /* iHamster */,
				218F2FFA1927AE1600B11317 /* image_open_save */,
			);
			name = Products;
			sourceTree = "<group>";
		};
		5ADE043618AF982600A16CB4 /* src */ = {
			isa = PBXGroup;
			children = (
				5ADE043718AF982600A16CB4 /* adapter */,
				5ADE043918AF982600A16CB4 /* alg */,
				5ADE043E18AF982600A16CB4 /* app */,
				5ADE044018AF982600A16CB4 /* CMakeLists.txt */,
				5ADE044118AF982600A16CB4 /* cmn */,
				5ADE044318AF982600A16CB4 /* core */,
				5ADE044518AF982600A16CB4 /* os */,
				218F2FF41927AD6400B11317 /* test */,
			);
			name = src;
			path = ../../src;
			sourceTree = "<group>";
		};
		5ADE043718AF982600A16CB4 /* adapter */ = {
			isa = PBXGroup;
			children = (
				21FB64A419274A4E00B2F651 /* sqlite.cpp */,
				21187ECE192202F600B0D5CD /* plotcirc.cpp */,
				5ADE043818AF982600A16CB4 /* image.cpp */,
			);
			path = adapter;
			sourceTree = "<group>";
		};
		5ADE043918AF982600A16CB4 /* alg */ = {
			isa = PBXGroup;
			children = (
				21D2B1FB191F5F0700A16A86 /* filter.cpp */,
				21D2B1FC191F5F0700A16A86 /* plotcirc_db.cpp */,
				5ADE043B18AF982600A16CB4 /* pattern_study.cpp */,
				5ADE043D18AF982600A16CB4 /* watershed.cpp */,
				5ADE043C18AF982600A16CB4 /* readme.txt */,
			);
			path = alg;
			sourceTree = "<group>";
		};
		5ADE043E18AF982600A16CB4 /* app */ = {
			isa = PBXGroup;
			children = (
				5ADE043F18AF982600A16CB4 /* main.cpp */,
			);
			path = app;
			sourceTree = "<group>";
		};
		5ADE044118AF982600A16CB4 /* cmn */ = {
			isa = PBXGroup;
			children = (
				21D2B1FF191F5F3000A16A86 /* image_utils.cpp */,
				21D2B200191F5F3000A16A86 /* image.cpp */,
				21D2B201191F5F3000A16A86 /* plotcirc.cpp */,
				5ADE044218AF982600A16CB4 /* log.cpp */,
			);
			path = cmn;
			sourceTree = "<group>";
		};
		5ADE044318AF982600A16CB4 /* core */ = {
			isa = PBXGroup;
			children = (
			);
			path = core;
			sourceTree = "<group>";
		};
		5ADE044518AF982600A16CB4 /* os */ = {
			isa = PBXGroup;
			children = (
				5ADE044618AF982600A16CB4 /* mac */,
			);
			path = os;
			sourceTree = "<group>";
		};
		5ADE044618AF982600A16CB4 /* mac */ = {
			isa = PBXGroup;
			children = (
				5ADE045E18AF9FBD00A16CB4 /* adapter */,
			);
			path = mac;
			sourceTree = "<group>";
		};
		5ADE044D18AF987300A16CB4 /* include */ = {
			isa = PBXGroup;
			children = (
				5ADE044E18AF987300A16CB4 /* adapter */,
				5ADE045018AF987300A16CB4 /* alg */,
				5ADE045518AF987300A16CB4 /* cmn */,
				5ADE045B18AF987300A16CB4 /* core */,
			);
			name = include;
			path = ../../include;
			sourceTree = "<group>";
		};
		5ADE044E18AF987300A16CB4 /* adapter */ = {
			isa = PBXGroup;
			children = (
				21FB64A319274A1900B2F651 /* sqlite.hpp */,
				21187ED01922032100B0D5CD /* plotcirc.hpp */,
				5ADE044F18AF987300A16CB4 /* image.hpp */,
			);
			path = adapter;
			sourceTree = "<group>";
		};
		5ADE045018AF987300A16CB4 /* alg */ = {
			isa = PBXGroup;
			children = (
				21D2B1F5191F5EAC00A16A86 /* filter.hpp */,
				21D2B1F6191F5EAC00A16A86 /* plotcirc_db.hpp */,
				5ADE045118AF987300A16CB4 /* pattern.hpp */,
				5ADE045218AF987300A16CB4 /* pattern_study.hpp */,
				5ADE045318AF987300A16CB4 /* pattern_sub.hpp */,
				5ADE045418AF987300A16CB4 /* watershed.hpp */,
			);
			path = alg;
			sourceTree = "<group>";
		};
		5ADE045518AF987300A16CB4 /* cmn */ = {
			isa = PBXGroup;
			children = (
				21D2B1F7191F5ECD00A16A86 /* image_utils.hpp */,
				21D2B1F8191F5ECD00A16A86 /* point.hpp */,
				21D2B1F9191F5ECD00A16A86 /* rect.hpp */,
				21D2B1FA191F5ECD00A16A86 /* utils.hpp */,
				5ADE045618AF987300A16CB4 /* fwd.hpp */,
				5ADE045718AF987300A16CB4 /* image.hpp */,
				5ADE045818AF987300A16CB4 /* log.hpp */,
				5ADE045918AF987300A16CB4 /* name.hpp */,
				5ADE045A18AF987300A16CB4 /* plotcirc.hpp */,
			);
			path = cmn;
			sourceTree = "<group>";
		};
		5ADE045B18AF987300A16CB4 /* core */ = {
			isa = PBXGroup;
			children = (
				5ADE045C18AF987300A16CB4 /* context.hpp */,
				5ADE045D18AF987300A16CB4 /* frame_recognizer.hpp */,
			);
			path = core;
			sourceTree = "<group>";
		};
		5ADE045E18AF9FBD00A16CB4 /* adapter */ = {
			isa = PBXGroup;
			children = (
				5ADE045F18AFA00B00A16CB4 /* image.mm */,
			);
			name = adapter;
			sourceTree = "<group>";
		};
		5ADE046318AFA14E00A16CB4 /* Frameworks */ = {
			isa = PBXGroup;
			children = (
				218F30061927AFA100B11317 /* Foundation.framework */,
				5ADE046418AFA1CC00A16CB4 /* AppKit.framework */,
				5ADE046118AFA14200A16CB4 /* Cocoa.framework */,
			);
			name = Frameworks;
			sourceTree = "<group>";
		};
/* End PBXGroup section */

/* Begin PBXNativeTarget section */
		218F2FF91927AE1600B11317 /* image_open_save */ = {
			isa = PBXNativeTarget;
			buildConfigurationList = 218F30001927AE1600B11317 /* Build configuration list for PBXNativeTarget "image_open_save" */;
			buildPhases = (
				218F2FF61927AE1600B11317 /* Sources */,
				218F2FF71927AE1600B11317 /* Frameworks */,
			);
			buildRules = (
			);
			dependencies = (
			);
			name = image_open_save;
			productName = image_open_save;
			productReference = 218F2FFA1927AE1600B11317 /* image_open_save */;
			productType = "com.apple.product-type.tool";
		};
		5ADE042B18AF973D00A16CB4 /* iHamster */ = {
			isa = PBXNativeTarget;
			buildConfigurationList = 5ADE043518AF973D00A16CB4 /* Build configuration list for PBXNativeTarget "iHamster" */;
			buildPhases = (
				5ADE042818AF973D00A16CB4 /* Sources */,
				5ADE042918AF973D00A16CB4 /* Frameworks */,
			);
			buildRules = (
			);
			dependencies = (
			);
			name = iHamster;
			productName = iHamster;
			productReference = 5ADE042C18AF973D00A16CB4 /* iHamster */;
			productType = "com.apple.product-type.tool";
		};
/* End PBXNativeTarget section */

/* Begin PBXProject section */
		5ADE042218AF950200A16CB4 /* Project object */ = {
			isa = PBXProject;
			attributes = {
				LastUpgradeCheck = 0510;
			};
			buildConfigurationList = 5ADE042518AF950200A16CB4 /* Build configuration list for PBXProject "iHamster" */;
			compatibilityVersion = "Xcode 3.2";
			developmentRegion = English;
			hasScannedForEncodings = 0;
			knownRegions = (
				en,
			);
			mainGroup = 5ADE042118AF950200A16CB4;
			productRefGroup = 5ADE042D18AF973D00A16CB4 /* Products */;
			projectDirPath = "";
			projectRoot = "";
			targets = (
				5ADE042B18AF973D00A16CB4 /* iHamster */,
				218F2FF91927AE1600B11317 /* image_open_save */,
			);
		};
/* End PBXProject section */

/* Begin PBXSourcesBuildPhase section */
		218F2FF61927AE1600B11317 /* Sources */ = {
			isa = PBXSourcesBuildPhase;
			buildActionMask = 2147483647;
			files = (
				218F30031927AE7D00B11317 /* main.cpp in Sources */,
				218F30041927AE9600B11317 /* image.mm in Sources */,
			);
			runOnlyForDeploymentPostprocessing = 0;
		};
		5ADE042818AF973D00A16CB4 /* Sources */ = {
			isa = PBXSourcesBuildPhase;
			buildActionMask = 2147483647;
			files = (
				21D2B1FE191F5F0700A16A86 /* plotcirc_db.cpp in Sources */,
				21FB64A519274A4E00B2F651 /* sqlite.cpp in Sources */,
				5ADE044918AF982600A16CB4 /* pattern_study.cpp in Sources */,
				21D2B1FD191F5F0700A16A86 /* filter.cpp in Sources */,
				21D2B202191F5F3000A16A86 /* image_utils.cpp in Sources */,
				5ADE044A18AF982600A16CB4 /* watershed.cpp in Sources */,
				5ADE044B18AF982600A16CB4 /* main.cpp in Sources */,
				5ADE044C18AF982600A16CB4 /* log.cpp in Sources */,
				21187ECF192202F600B0D5CD /* plotcirc.cpp in Sources */,
				21D2B203191F5F3000A16A86 /* image.cpp in Sources */,
				21D2B204191F5F3000A16A86 /* plotcirc.cpp in Sources */,
				218F30081927AFCC00B11317 /* image.mm in Sources */,
			);
			runOnlyForDeploymentPostprocessing = 0;
		};
/* End PBXSourcesBuildPhase section */

/* Begin XCBuildConfiguration section */
		218F30011927AE1600B11317 /* Debug */ = {
			isa = XCBuildConfiguration;
			buildSettings = {
				ALWAYS_SEARCH_USER_PATHS = NO;
				CLANG_CXX_LANGUAGE_STANDARD = "gnu++0x";
				CLANG_CXX_LIBRARY = "libc++";
				CLANG_ENABLE_MODULES = YES;
				CLANG_ENABLE_OBJC_ARC = YES;
				CLANG_WARN_BOOL_CONVERSION = YES;
				CLANG_WARN_CONSTANT_CONVERSION = YES;
				CLANG_WARN_DIRECT_OBJC_ISA_USAGE = YES_ERROR;
				CLANG_WARN_EMPTY_BODY = YES;
				CLANG_WARN_ENUM_CONVERSION = YES;
				CLANG_WARN_INT_CONVERSION = YES;
				CLANG_WARN_OBJC_ROOT_CLASS = YES_ERROR;
				CLANG_WARN__DUPLICATE_METHOD_MATCH = YES;
				COPY_PHASE_STRIP = NO;
				GCC_C_LANGUAGE_STANDARD = gnu99;
				GCC_DYNAMIC_NO_PIC = NO;
				GCC_ENABLE_OBJC_EXCEPTIONS = YES;
				GCC_OPTIMIZATION_LEVEL = 0;
				GCC_PREPROCESSOR_DEFINITIONS = (
					"DEBUG=1",
					"$(inherited)",
				);
				GCC_SYMBOLS_PRIVATE_EXTERN = NO;
				GCC_WARN_64_TO_32_BIT_CONVERSION = YES;
				GCC_WARN_ABOUT_RETURN_TYPE = YES_ERROR;
				GCC_WARN_UNDECLARED_SELECTOR = YES;
				GCC_WARN_UNINITIALIZED_AUTOS = YES_AGGRESSIVE;
				GCC_WARN_UNUSED_FUNCTION = YES;
				GCC_WARN_UNUSED_VARIABLE = YES;
				MACOSX_DEPLOYMENT_TARGET = 10.9;
				PRODUCT_NAME = "$(TARGET_NAME)";
				SDKROOT = macosx;
			};
			name = Debug;
		};
		218F30021927AE1600B11317 /* Release */ = {
			isa = XCBuildConfiguration;
			buildSettings = {
				ALWAYS_SEARCH_USER_PATHS = NO;
				CLANG_CXX_LANGUAGE_STANDARD = "gnu++0x";
				CLANG_CXX_LIBRARY = "libc++";
				CLANG_ENABLE_MODULES = YES;
				CLANG_ENABLE_OBJC_ARC = YES;
				CLANG_WARN_BOOL_CONVERSION = YES;
				CLANG_WARN_CONSTANT_CONVERSION = YES;
				CLANG_WARN_DIRECT_OBJC_ISA_USAGE = YES_ERROR;
				CLANG_WARN_EMPTY_BODY = YES;
				CLANG_WARN_ENUM_CONVERSION = YES;
				CLANG_WARN_INT_CONVERSION = YES;
				CLANG_WARN_OBJC_ROOT_CLASS = YES_ERROR;
				CLANG_WARN__DUPLICATE_METHOD_MATCH = YES;
				COPY_PHASE_STRIP = YES;
				DEBUG_INFORMATION_FORMAT = "dwarf-with-dsym";
				ENABLE_NS_ASSERTIONS = NO;
				GCC_C_LANGUAGE_STANDARD = gnu99;
				GCC_ENABLE_OBJC_EXCEPTIONS = YES;
				GCC_WARN_64_TO_32_BIT_CONVERSION = YES;
				GCC_WARN_ABOUT_RETURN_TYPE = YES_ERROR;
				GCC_WARN_UNDECLARED_SELECTOR = YES;
				GCC_WARN_UNINITIALIZED_AUTOS = YES_AGGRESSIVE;
				GCC_WARN_UNUSED_FUNCTION = YES;
				GCC_WARN_UNUSED_VARIABLE = YES;
				MACOSX_DEPLOYMENT_TARGET = 10.9;
				PRODUCT_NAME = "$(TARGET_NAME)";
				SDKROOT = macosx;
			};
			name = Release;
		};
		5ADE042618AF950200A16CB4 /* Debug */ = {
			isa = XCBuildConfiguration;
			buildSettings = {
				HEADER_SEARCH_PATHS = (
					../../include,
					"$(inherited)",
					/Applications/Xcode.app/Contents/Developer/Toolchains/XcodeDefault.xctoolchain/usr/include,
				);
				ONLY_ACTIVE_ARCH = YES;
				SYMROOT = ../../build;
			};
			name = Debug;
		};
		5ADE042718AF950200A16CB4 /* Release */ = {
			isa = XCBuildConfiguration;
			buildSettings = {
				HEADER_SEARCH_PATHS = (
					../../include,
					"$(inherited)",
					/Applications/Xcode.app/Contents/Developer/Toolchains/XcodeDefault.xctoolchain/usr/include,
				);
				SYMROOT = ../../build;
			};
			name = Release;
		};
		5ADE043318AF973D00A16CB4 /* Debug */ = {
			isa = XCBuildConfiguration;
			buildSettings = {
				ALWAYS_SEARCH_USER_PATHS = NO;
				CLANG_CXX_LANGUAGE_STANDARD = "gnu++0x";
				CLANG_CXX_LIBRARY = "libc++";
				CLANG_ENABLE_OBJC_ARC = YES;
				CLANG_WARN_BOOL_CONVERSION = YES;
				CLANG_WARN_CONSTANT_CONVERSION = YES;
				CLANG_WARN_DIRECT_OBJC_ISA_USAGE = YES_ERROR;
				CLANG_WARN_EMPTY_BODY = YES;
				CLANG_WARN_ENUM_CONVERSION = YES;
				CLANG_WARN_INT_CONVERSION = YES;
				CLANG_WARN_OBJC_ROOT_CLASS = YES_ERROR;
				CLANG_WARN__DUPLICATE_METHOD_MATCH = YES;
				COPY_PHASE_STRIP = NO;
				GCC_C_LANGUAGE_STANDARD = gnu99;
				GCC_DYNAMIC_NO_PIC = NO;
				GCC_ENABLE_OBJC_EXCEPTIONS = YES;
				GCC_OPTIMIZATION_LEVEL = 0;
				GCC_PREPROCESSOR_DEFINITIONS = (
					"DEBUG=1",
					"$(inherited)",
				);
				GCC_SYMBOLS_PRIVATE_EXTERN = NO;
				GCC_WARN_64_TO_32_BIT_CONVERSION = YES;
				GCC_WARN_ABOUT_RETURN_TYPE = YES_ERROR;
				GCC_WARN_HIDDEN_VIRTUAL_FUNCTIONS = YES;
				GCC_WARN_NON_VIRTUAL_DESTRUCTOR = YES;
				GCC_WARN_SHADOW = YES;
				GCC_WARN_UNDECLARED_SELECTOR = YES;
				GCC_WARN_UNINITIALIZED_AUTOS = YES;
				GCC_WARN_UNUSED_FUNCTION = NO;
				GCC_WARN_UNUSED_VALUE = NO;
				GCC_WARN_UNUSED_VARIABLE = NO;
				HEADER_SEARCH_PATHS = (
					../../include,
					"$(inherited)",
					/Applications/Xcode.app/Contents/Developer/Toolchains/XcodeDefault.xctoolchain/usr/include,
					/opt/local/include,
				);
				LIBRARY_SEARCH_PATHS = (
					"$(inherited)",
					/opt/local/lib,
				);
				MACOSX_DEPLOYMENT_TARGET = 10.9;
				ONLY_ACTIVE_ARCH = YES;
				OTHER_LDFLAGS = (
					"-lpng",
					"-lsqlite3",
				);
				PRODUCT_NAME = "$(TARGET_NAME)";
				SDKROOT = macosx;
			};
			name = Debug;
		};
		5ADE043418AF973D00A16CB4 /* Release */ = {
			isa = XCBuildConfiguration;
			buildSettings = {
				ALWAYS_SEARCH_USER_PATHS = NO;
				CLANG_CXX_LANGUAGE_STANDARD = "gnu++0x";
				CLANG_CXX_LIBRARY = "libc++";
				CLANG_ENABLE_OBJC_ARC = YES;
				CLANG_WARN_BOOL_CONVERSION = YES;
				CLANG_WARN_CONSTANT_CONVERSION = YES;
				CLANG_WARN_DIRECT_OBJC_ISA_USAGE = YES_ERROR;
				CLANG_WARN_EMPTY_BODY = YES;
				CLANG_WARN_ENUM_CONVERSION = YES;
				CLANG_WARN_INT_CONVERSION = YES;
				CLANG_WARN_OBJC_ROOT_CLASS = YES_ERROR;
				CLANG_WARN__DUPLICATE_METHOD_MATCH = YES;
				COPY_PHASE_STRIP = YES;
				DEBUG_INFORMATION_FORMAT = "dwarf-with-dsym";
				ENABLE_NS_ASSERTIONS = NO;
				GCC_C_LANGUAGE_STANDARD = gnu99;
				GCC_ENABLE_OBJC_EXCEPTIONS = YES;
				GCC_WARN_64_TO_32_BIT_CONVERSION = YES;
				GCC_WARN_ABOUT_RETURN_TYPE = YES_ERROR;
				GCC_WARN_HIDDEN_VIRTUAL_FUNCTIONS = YES;
				GCC_WARN_NON_VIRTUAL_DESTRUCTOR = YES;
				GCC_WARN_SHADOW = YES;
				GCC_WARN_UNDECLARED_SELECTOR = YES;
				GCC_WARN_UNINITIALIZED_AUTOS = YES;
				GCC_WARN_UNUSED_FUNCTION = NO;
				GCC_WARN_UNUSED_VALUE = NO;
				GCC_WARN_UNUSED_VARIABLE = NO;
				HEADER_SEARCH_PATHS = (
					../../include,
					"$(inherited)",
					/Applications/Xcode.app/Contents/Developer/Toolchains/XcodeDefault.xctoolchain/usr/include,
					/opt/local/include,
				);
				LIBRARY_SEARCH_PATHS = (
					"$(inherited)",
					/opt/local/lib,
				);
				MACOSX_DEPLOYMENT_TARGET = 10.9;
				OTHER_LDFLAGS = (
					"-lpng",
					"-lsqlite3",
				);
				PRODUCT_NAME = "$(TARGET_NAME)";
				SDKROOT = macosx;
			};
			name = Release;
		};
/* End XCBuildConfiguration section */

/* Begin XCConfigurationList section */
		218F30001927AE1600B11317 /* Build configuration list for PBXNativeTarget "image_open_save" */ = {
			isa = XCConfigurationList;
			buildConfigurations = (
				218F30011927AE1600B11317 /* Debug */,
				218F30021927AE1600B11317 /* Release */,
			);
			defaultConfigurationIsVisible = 0;
			defaultConfigurationName = Release;
		};
		5ADE042518AF950200A16CB4 /* Build configuration list for PBXProject "iHamster" */ = {
			isa = XCConfigurationList;
			buildConfigurations = (
				5ADE042618AF950200A16CB4 /* Debug */,
				5ADE042718AF950200A16CB4 /* Release */,
			);
			defaultConfigurationIsVisible = 0;
			defaultConfigurationName = Release;
		};
		5ADE043518AF973D00A16CB4 /* Build configuration list for PBXNativeTarget "iHamster" */ = {
			isa = XCConfigurationList;
			buildConfigurations = (
				5ADE043318AF973D00A16CB4 /* Debug */,
				5ADE043418AF973D00A16CB4 /* Release */,
			);
			defaultConfigurationIsVisible = 0;
			defaultConfigurationName = Release;
		};
/* End XCConfigurationList section */
	};
	rootObject = 5ADE042218AF950200A16CB4 /* Project object */;
}
